lockfileVersion: '6.0'

settings:
  autoInstallPeers: true
  excludeLinksFromLockfile: false

dependencies:
  algorithms:
    specifier: ^0.10.0
    version: 0.10.0
  graphlib:
    specifier: ^2.1.8
    version: 2.1.8

packages:

  /algorithms@0.10.0:
    resolution: {integrity: sha512-f5X+lDALkG6V4Y0IWrOLEEJ8GGW2enbaGSaJwcqddk4irIvzULkNMPqnTUQlRG/0eDdFc7agRhtfPmbFmuntgg==}
    dev: false

  /graphlib@2.1.8:
    resolution: {integrity: sha512-jcLLfkpoVGmH7/InMC/1hIvOPSUh38oJtGhvrOFGzioE1DZ+0YW16RgmOJhHiuWTvGiJQ9Z1Ik43JvkRPRvE+A==}
    dependencies:
      lodash: 4.17.21
    dev: false

  /lodash@4.17.21:
    resolution: {integrity: sha512-v2kDEe57lecTulaDIuNTPy3Ry4gLGJ6Z1O3vE1krgXZNrsQ+LFTGHVxVjcXPs17LhbZVGedAJv8XZ1tvj5FvSg==}
    dev: false
